
Microsoft Visual Studio Solution File, Format Version 12.00
# Visual Studio Version 17
VisualStudioVersion = 17.2.32630.192
MinimumVisualStudioVersion = 10.0.40219.1
Project("{FAE04EC0-301F-11D3-BF4B-00C04F79EFBC}") = "react", "react\react.csproj", "{A88BA992-038A-4CB1-BA64-6436C4E18CED}"
EndProject
Global
	GlobalSection(SolutionConfigurationPlatforms) = preSolution
		Debug|Any CPU = Debug|Any CPU
		Release|Any CPU = Release|Any CPU
	EndGlobalSection
	GlobalSection(ProjectConfigurationPlatforms) = postSolution
		{A88BA992-038A-4CB1-BA64-6436C4E18CED}.Debug|Any CPU.ActiveCfg = Debug|Any CPU
		{A88BA992-038A-4CB1-BA64-6436C4E18CED}.Debug|Any CPU.Build.0 = Debug|Any CPU
		{A88BA992-038A-4CB1-BA64-6436C4E18CED}.Release|Any CPU.ActiveCfg = Release|Any CPU
		{A88BA992-038A-4CB1-BA64-6436C4E18CED}.Release|Any CPU.Build.0 = Release|Any CPU
	EndGlobalSection
	GlobalSection(SolutionProperties) = preSolution
		HideSolutionNode = FALSE
	EndGlobalSection
	GlobalSection(ExtensibilityGlobals) = postSolution
		SolutionGuid = {0FA6351C-FDE7-43DB-A1B7-C934E1F5F483}
	EndGlobalSection
EndGlobal
